
Microsoft Visual Studio Solution File, Format Version 12.00
# Visual Studio 15
VisualStudioVersion = 15.0.27512.0
MinimumVisualStudioVersion = 10.0.40219.1
Project("{FAE04EC0-301F-11D3-BF4B-00C04F79EFBC}") = "EfCore21Scaffold.Web", "EfCore21Scaffold.Web\EfCore21Scaffold.Web.csproj", "{3E55D269-B21E-4C41-91F3-481EC10617A8}"
EndProject
Project("{FAE04EC0-301F-11D3-BF4B-00C04F79EFBC}") = "EfCore21Scaffold.Entities", "EfCore21Scaffold.Entities\EfCore21Scaffold.Entities.csproj", "{2755A026-8D79-4A89-9B07-B6532411ADC0}"
EndProject
Project("{FAE04EC0-301F-11D3-BF4B-00C04F79EFBC}") = "EfCore21Scaffold.Data", "EfCore21Scaffold.Data\EfCore21Scaffold.Data.csproj", "{FB06B520-BE81-4497-BD24-ECEE2DE4D2CB}"
EndProject
Project("{2150E333-8FDC-42A3-9474-1A3956D46DE8}") = "Solution Items", "Solution Items", "{31C59798-003C-4C0B-8F86-914FD5A0B8DF}"
	ProjectSection(SolutionItems) = preProject
		README.md = README.md
	EndProjectSection
EndProject
Global
	GlobalSection(SolutionConfigurationPlatforms) = preSolution
		Debug|Any CPU = Debug|Any CPU
		Release|Any CPU = Release|Any CPU
	EndGlobalSection
	GlobalSection(ProjectConfigurationPlatforms) = postSolution
		{3E55D269-B21E-4C41-91F3-481EC10617A8}.Debug|Any CPU.ActiveCfg = Debug|Any CPU
		{3E55D269-B21E-4C41-91F3-481EC10617A8}.Debug|Any CPU.Build.0 = Debug|Any CPU
		{3E55D269-B21E-4C41-91F3-481EC10617A8}.Release|Any CPU.ActiveCfg = Release|Any CPU
		{3E55D269-B21E-4C41-91F3-481EC10617A8}.Release|Any CPU.Build.0 = Release|Any CPU
		{2755A026-8D79-4A89-9B07-B6532411ADC0}.Debug|Any CPU.ActiveCfg = Debug|Any CPU
		{2755A026-8D79-4A89-9B07-B6532411ADC0}.Debug|Any CPU.Build.0 = Debug|Any CPU
		{2755A026-8D79-4A89-9B07-B6532411ADC0}.Release|Any CPU.ActiveCfg = Release|Any CPU
		{2755A026-8D79-4A89-9B07-B6532411ADC0}.Release|Any CPU.Build.0 = Release|Any CPU
		{FB06B520-BE81-4497-BD24-ECEE2DE4D2CB}.Debug|Any CPU.ActiveCfg = Debug|Any CPU
		{FB06B520-BE81-4497-BD24-ECEE2DE4D2CB}.Debug|Any CPU.Build.0 = Debug|Any CPU
		{FB06B520-BE81-4497-BD24-ECEE2DE4D2CB}.Release|Any CPU.ActiveCfg = Release|Any CPU
		{FB06B520-BE81-4497-BD24-ECEE2DE4D2CB}.Release|Any CPU.Build.0 = Release|Any CPU
	EndGlobalSection
	GlobalSection(SolutionProperties) = preSolution
		HideSolutionNode = FALSE
	EndGlobalSection
	GlobalSection(ExtensibilityGlobals) = postSolution
		SolutionGuid = {591B85C9-AF1D-4683-BF40-9142EAE35AB6}
	EndGlobalSection
EndGlobal
